{
  "nodes": {
    "agenix": {
      "inputs": {
        "darwin": "darwin",
        "home-manager": "home-manager",
        "nixpkgs": [
          "nixpkgs"
        ],
        "systems": "systems"
      },
      "locked": {
        "lastModified": 1770165109,
        "narHash": "sha256-9VnK6Oqai65puVJ4WYtCTvlJeXxMzAp/69HhQuTdl/I=",
        "owner": "ryantm",
        "repo": "agenix",
        "rev": "b027ee29d959fda4b60b57566d64c98a202e0feb",
        "type": "github"
      },
      "original": {
        "owner": "ryantm",
        "ref": "main",
        "repo": "agenix",
        "type": "github"
      }
    },
    "agent-skills": {
      "inputs": {
        "blueprint": "blueprint",
        "home-manager": [
          "home-manager"
        ],
        "nixpkgs": [
          "nixpkgs"
        ]
      },
      "locked": {
        "lastModified": 1786379373,
        "narHash": "sha256-zrvcpGFA8zG6yRLBqQH9bNkJap8xMvLNvkuT4+7w6X8=",
        "owner": "Kyure-A",
        "repo": "agent-skills-nix",
        "rev": "1594ba479be81a7cb6dd19faabefcb1ed5b3f964",
        "type": "github"
      },
      "original": {
        "owner": "Kyure-A",
        "repo": "agent-skills-nix",
        "type": "github"
      }
    },
    "anthropic-skills": {
      "flake": false,
      "locked": {
        "lastModified": 1786122854,
        "narHash": "sha256-vTqAu8eRY+8ymbf065SWHHjNX/li3SOR+sWq1npteTM=",
        "owner": "anthropics",
        "repo": "skills",
        "rev": "f17010c9bb483898c1d9c9f42dde2b3a98889434",
        "type": "github"
      },
      "original": {
        "owner": "anthropics",
        "repo": "skills",
        "type": "github"
      }
    },
    "autoskills": {
      "flake": false,
      "locked": {
        "lastModified": 1784289814,
        "narHash": "sha256-N4k7YwZDYwRDQrMPe0wxzFtirOgCFAfAO4tisnQqV+8=",
        "owner": "midudev",
        "repo": "autoskills",
        "rev": "0ec725320d2137253ab2e68e7ba8a072148e741a",
        "type": "github"
      },
      "original": {
        "owner": "midudev",
        "repo": "autoskills",
        "type": "github"
      }
    },
    "blueprint": {
      "inputs": {
        "nixpkgs": [
          "agent-skills",
          "nixpkgs"
        ],
        "systems": "systems_2"
      },
      "locked": {
        "lastModified": 1776249299,
        "narHash": "sha256-Dt9t1TGRmJFc0xVYhttNBD6QsAgHOHCArqGa0AyjrJY=",
        "owner": "numtide",
        "repo": "blueprint",
        "rev": "56131e8628f173d24a27f6d27c0215eff57e40dd",
        "type": "github"
      },
      "original": {
        "owner": "numtide",
        "repo": "blueprint",
        "type": "github"
      }
    },
    "blueprint_2": {
      "inputs": {
        "nixpkgs": [
          "nixpkgs"
        ],
        "systems": "systems_3"
      },
      "locked": {
        "lastModified": 1776249299,
        "narHash": "sha256-Dt9t1TGRmJFc0xVYhttNBD6QsAgHOHCArqGa0AyjrJY=",
        "owner": "numtide",
        "repo": "blueprint",
        "rev": "56131e8628f173d24a27f6d27c0215eff57e40dd",
        "type": "github"
      },
      "original": {
        "owner": "numtide",
        "repo": "blueprint",
        "type": "github"
      }
    },
    "brew-src": {
      "flake": false,
      "locked": {
        "lastModified": 1785710351,
        "narHash": "sha256-DTL5T9+HlblsnXCEdxRpEo/2NBHD3t48BS7r+PTf090=",
        "owner": "Homebrew",
        "repo": "brew",
        "rev": "7b0f22a4ab77567edef114c8dfc423fb96e2fbaa",
        "type": "github"
      },
      "original": {
        "owner": "Homebrew",
        "ref": "6.0.15",
        "repo": "brew",
        "type": "github"
      }
    },
    "bun2nix": {
      "inputs": {
        "flake-parts": [
          "llm-agents",
          "flake-parts"
        ],
        "nixpkgs": [
          "llm-agents",
          "nixpkgs"
        ],
        "systems": [
          "llm-agents",
          "systems"
        ],
        "treefmt-nix": [
          "llm-agents",
          "treefmt-nix"
        ]
      },
      "locked": {
        "lastModified": 1784665499,
        "narHash": "sha256-9BMxlTxCCDAeoNLtb1a/st7udtTIJep+wpUzquA29VU=",
        "owner": "nix-community",
        "repo": "bun2nix",
        "rev": "0f2a1f0b6f42cebe3b149bf62d38754c5e0e9729",
        "type": "github"
      },
      "original": {
        "owner": "nix-community",
        "repo": "bun2nix",
        "type": "github"
      }
    },
    "cc-templates": {
      "flake": false,
      "locked": {
        "lastModified": 1786457707,
        "narHash": "sha256-+csRSkUuYBbEGScimlBC/PQj06bmhb864UaoFtCzQ1g=",
        "owner": "davila7",
        "repo": "claude-code-templates",
        "rev": "9b0bada5a6de1131e4dea82191752c42ee43ce53",
        "type": "github"
      },
      "original": {
        "owner": "davila7",
        "repo": "claude-code-templates",
        "type": "github"
      }
    },
    "cloudflare-skills": {
      "flake": false,
      "locked": {
        "lastModified": 1786124673,
        "narHash": "sha256-r8HeH9XWV9qhbMq3fPASNfT5Y1mrfsgBI5STiUi/LVA=",
        "owner": "cloudflare",
        "repo": "skills",
        "rev": "f96bff754e428838818017f75817f0f9428acd48",
        "type": "github"
      },
      "original": {
        "owner": "cloudflare",
        "repo": "skills",
        "type": "github"
      }
    },
    "darwin": {
      "inputs": {
        "nixpkgs": [
          "agenix",
          "nixpkgs"
        ]
      },
      "locked": {
        "lastModified": 1744478979,
        "narHash": "sha256-dyN+teG9G82G+m+PX/aSAagkC+vUv0SgUw3XkPhQodQ=",
        "owner": "lnl7",
        "repo": "nix-darwin",
        "rev": "43975d782b418ebf4969e9ccba82466728c2851b",
        "type": "github"
      },
      "original": {
        "owner": "lnl7",
        "ref": "master",
        "repo": "nix-darwin",
        "type": "github"
      }
    },
    "dot-skills": {
      "flake": false,
      "locked": {
        "lastModified": 1784871034,
        "narHash": "sha256-cAMdC3QWNm/fz2I6vG+SyUQQh1HUNJ2OHw9U0zw0UsA=",
        "owner": "pproenca",
        "repo": "dot-skills",
        "rev": "c9228d2d0c1391190168845824ceb4e33bb844fb",
        "type": "github"
      },
      "original": {
        "owner": "pproenca",
        "repo": "dot-skills",
        "type": "github"
      }
    },
    "ecc": {
      "flake": false,
      "locked": {
        "lastModified": 1786480204,
        "narHash": "sha256-By+Ws5pcSHQ5Od1b7++9lUZsznXY23iFjD+KaUYSn4g=",
        "owner": "affaan-m",
        "repo": "ecc",
        "rev": "5a2453e1676f74656f31e21e63b97de48aed33b5",
        "type": "github"
      },
      "original": {
        "owner": "affaan-m",
        "repo": "ecc",
        "type": "github"
      }
    },
    "flake-compat": {
      "flake": false,
      "locked": {
        "lastModified": 1767039857,
        "narHash": "sha256-vNpUSpF5Nuw8xvDLj2KCwwksIbjua2LZCqhV1LNRDns=",
        "owner": "edolstra",
        "repo": "flake-compat",
        "rev": "5edf11c44bc78a0d334f6334cdaf7d60d732daab",
        "type": "github"
      },
      "original": {
        "owner": "edolstra",
        "repo": "flake-compat",
        "type": "github"
      }
    },
    "flake-file": {
      "locked": {
        "lastModified": 1785282747,
        "narHash": "sha256-ZwdMXUu0Udb4yzI65+psyJeUF+wexByNEvTUSx1xjVs=",
        "owner": "denful",
        "repo": "flake-file",
        "rev": "56c46842d70754345c4a4581b8cbebe87b8fc067",
        "type": "github"
      },
      "original": {
        "owner": "denful",
        "repo": "flake-file",
        "type": "github"
      }
    },
    "flake-parts": {
      "inputs": {
        "nixpkgs-lib": [
          "llm-agents",
          "nixpkgs"
        ]
      },
      "locked": {
        "lastModified": 1785627969,
        "narHash": "sha256-4dtXQk/NMePegK/nWp5NSeuZKLATItOq61lpEvmXqGw=",
        "owner": "hercules-ci",
        "repo": "flake-parts",
        "rev": "427bf4bd9435fdf21321c8cc628c24efc14c0f7a",
        "type": "github"
      },
      "original": {
        "owner": "hercules-ci",
        "repo": "flake-parts",
        "type": "github"
      }
    },
    "flake-parts_2": {
      "inputs": {
        "nixpkgs-lib": [
          "system-manager",
          "userborn",
          "nixpkgs"
        ]
      },
      "locked": {
        "lastModified": 1768135262,
        "narHash": "sha256-PVvu7OqHBGWN16zSi6tEmPwwHQ4rLPU9Plvs8/1TUBY=",
        "owner": "hercules-ci",
        "repo": "flake-parts",
        "rev": "80daad04eddbbf5a4d883996a73f3f542fa437ac",
        "type": "github"
      },
      "original": {
        "owner": "hercules-ci",
        "repo": "flake-parts",
        "type": "github"
      }
    },
    "gemini-cli": {
      "flake": false,
      "locked": {
        "lastModified": 1786476518,
        "narHash": "sha256-2xlAjW5kE9LRbvDXHn85WgX7R/TdgOYjZIFpvSEG/mw=",
        "owner": "google-gemini",
        "repo": "gemini-cli",
        "rev": "58ba19945a306ab7efd5626cf78c9675bae0878d",
        "type": "github"
      },
      "original": {
        "owner": "google-gemini",
        "repo": "gemini-cli",
        "type": "github"
      }
    },
    "genshijin": {
      "flake": false,
      "locked": {
        "lastModified": 1785827430,
        "narHash": "sha256-E1/7WSlh+B9bM7UzyGbIzmNsprCGLewPqUK50Fi+cnI=",
        "owner": "InterfaceX-co-jp",
        "repo": "genshijin",
        "rev": "968d3c449499fdefc00aff9f1fe9c52c4dfdc7ae",
        "type": "github"
      },
      "original": {
        "owner": "InterfaceX-co-jp",
        "repo": "genshijin",
        "type": "github"
      }
    },
    "gitignore": {
      "inputs": {
        "nixpkgs": [
          "system-manager",
          "userborn",
          "pre-commit-hooks-nix",
          "nixpkgs"
        ]
      },
      "locked": {
        "lastModified": 1709087332,
        "narHash": "sha256-HG2cCnktfHsKV0s4XW83gU3F57gaTljL9KNSuG6bnQs=",
        "owner": "hercules-ci",
        "repo": "gitignore.nix",
        "rev": "637db329424fd7e46cf4185293b9cc8c88c95394",
        "type": "github"
      },
      "original": {
        "owner": "hercules-ci",
        "repo": "gitignore.nix",
        "type": "github"
      }
    },
    "google-skills": {
      "flake": false,
      "locked": {
        "lastModified": 1786473758,
        "narHash": "sha256-iEAGdD/3QLFHdkQ080gawYLEzMS/lncGpuULRlz1cHc=",
        "owner": "google",
        "repo": "skills",
        "rev": "a54d506fb1ae95870e10cbf5cf1660f3af0bdc8b",
        "type": "github"
      },
      "original": {
        "owner": "google",
        "repo": "skills",
        "type": "github"
      }
    },
    "hashicorp-agent-skills": {
      "flake": false,
      "locked": {
        "lastModified": 1786376266,
        "narHash": "sha256-h55m1tpG7KYs+5b+OemiNVMztpwrsFWrjjpBN5XuT1c=",
        "owner": "hashicorp",
        "repo": "agent-skills",
        "rev": "4451ceca5456e79cc776efee96a744f7ac96e5bf",
        "type": "github"
      },
      "original": {
        "owner": "hashicorp",
        "repo": "agent-skills",
        "type": "github"
      }
    },
    "home-manager": {
      "inputs": {
        "nixpkgs": [
          "agenix",
          "nixpkgs"
        ]
      },
      "locked": {
        "lastModified": 1745494811,
        "narHash": "sha256-YZCh2o9Ua1n9uCvrvi5pRxtuVNml8X2a03qIFfRKpFs=",
        "owner": "nix-community",
        "repo": "home-manager",
        "rev": "abfad3d2958c9e6300a883bd443512c55dfeb1be",
        "type": "github"
      },
      "original": {
        "owner": "nix-community",
        "repo": "home-manager",
        "type": "github"
      }
    },
    "home-manager_2": {
      "inputs": {
        "nixpkgs": [
          "nixpkgs"
        ]
      },
      "locked": {
        "lastModified": 1786356609,
        "narHash": "sha256-ou8fYz5w9yhXC8YbvvExybFIa19MyW5G/8dEPqa90hM=",
        "owner": "nix-community",
        "repo": "home-manager",
        "rev": "c30c7955cec30d664a9baced6bc0112e263d4647",
        "type": "github"
      },
      "original": {
        "owner": "nix-community",
        "ref": "master",
        "repo": "home-manager",
        "type": "github"
      }
    },
    "homebrew-jackielii-tap": {
      "flake": false,
      "locked": {
        "lastModified": 1784537903,
        "narHash": "sha256-vC1tDxOSzxx1u+tbo3gyoZTm7u+GsyymuNL5k0ERd2Y=",
        "owner": "jackielii",
        "repo": "homebrew-tap",
        "rev": "634cd3c1a495f59f832813410f07ddf2c4a1c50c",
        "type": "github"
      },
      "original": {
        "owner": "jackielii",
        "repo": "homebrew-tap",
        "type": "github"
      }
    },
    "i-have-adhd": {
      "flake": false,
      "locked": {
        "lastModified": 1786364424,
        "narHash": "sha256-/h4HxkUbtRGoqgyFvjJrd++XmOd1KSVku5dR2/f9b/s=",
        "owner": "ayghri",
        "repo": "i-have-adhd",
        "rev": "2ed064090711586e0c97a2fbbf15465fe8f1808b",
        "type": "github"
      },
      "original": {
        "owner": "ayghri",
        "repo": "i-have-adhd",
        "type": "github"
      }
    },
    "kaynetik-skills": {
      "flake": false,
      "locked": {
        "lastModified": 1777797039,
        "narHash": "sha256-yTf6V3eAH363YWxV/3bXw/08B68PNmeoPSmd9Nj0Ob4=",
        "owner": "kaynetik",
        "repo": "skills",
        "rev": "7bc6c41c8014b183e0112768cbe937ca05cfb87b",
        "type": "github"
      },
      "original": {
        "owner": "kaynetik",
        "repo": "skills",
        "type": "github"
      }
    },
    "llm-agents": {
      "inputs": {
        "bun2nix": "bun2nix",
        "flake-parts": "flake-parts",
        "nixpkgs": "nixpkgs",
        "systems": "systems_4",
        "treefmt-nix": "treefmt-nix"
      },
      "locked": {
        "lastModified": 1786483215,
        "narHash": "sha256-FJvbINm/Y9A5ybIG+6KeXmdY56lKl09GJ5kFkPc1RHQ=",
        "owner": "numtide",
        "repo": "llm-agents.nix",
        "rev": "cd71993d68eb5ef991761d34218413e65cb7a955",
        "type": "github"
      },
      "original": {
        "owner": "numtide",
        "repo": "llm-agents.nix",
        "type": "github"
      }
    },
    "mattpocock-skills": {
      "flake": false,
      "locked": {
        "lastModified": 1786045791,
        "narHash": "sha256-pseSJJb5nBBGPzpxA1GzjGLB9OrT+u0At1saJ4NqZ1E=",
        "owner": "mattpocock",
        "repo": "skills",
        "rev": "84fdeffd12f2ee307994d1eb6feb48173b6e0502",
        "type": "github"
      },
      "original": {
        "owner": "mattpocock",
        "repo": "skills",
        "type": "github"
      }
    },
    "natural-japanese": {
      "flake": false,
      "locked": {
        "lastModified": 1784732195,
        "narHash": "sha256-OR5pLtaGAYdGe4X/0l80OFeAvC4YKAJeFYsss57znVs=",
        "owner": "coji",
        "repo": "natural-japanese",
        "rev": "b54954f8deb4f110f0959f4e4fac295708900120",
        "type": "github"
      },
      "original": {
        "owner": "coji",
        "repo": "natural-japanese",
        "type": "github"
      }
    },
    "nix-darwin": {
      "inputs": {
        "nixpkgs": [
          "nixpkgs"
        ]
      },
      "locked": {
        "lastModified": 1785389976,
        "narHash": "sha256-0tLW8Ff5yt8AH97jw4ZpFJ0OCJ122zIlgWGDmOfU/VU=",
        "owner": "nix-darwin",
        "repo": "nix-darwin",
        "rev": "15abb8c98f336cd8bd840d71059adebabe60bf04",
        "type": "github"
      },
      "original": {
        "owner": "nix-darwin",
        "ref": "master",
        "repo": "nix-darwin",
        "type": "github"
      }
    },
    "nix-homebrew": {
      "inputs": {
        "brew-src": "brew-src"
      },
      "locked": {
        "lastModified": 1786217209,
        "narHash": "sha256-rusAj5QBnbSwXG6csns6dwxTeCOGRcj08VmlnhUQ6ZY=",
        "owner": "zhaofengli",
        "repo": "nix-homebrew",
        "rev": "486357ea434dc0061ea52121ff99b1d33096c811",
        "type": "github"
      },
      "original": {
        "owner": "zhaofengli",
        "repo": "nix-homebrew",
        "type": "github"
      }
    },
    "nixpkgs": {
      "locked": {
        "lastModified": 1786348146,
        "narHash": "sha256-we5zDEFfn8TgzeWKjKDMIjeQZ59omEPl23NIF+13/ys=",
        "owner": "NixOS",
        "repo": "nixpkgs",
        "rev": "d482ef84049d9b7276b83a06e4e4d76983830097",
        "type": "github"
      },
      "original": {
        "owner": "NixOS",
        "ref": "nixpkgs-unstable",
        "repo": "nixpkgs",
        "type": "github"
      }
    },
    "nixpkgs_2": {
      "locked": {
        "lastModified": 1786482640,
        "narHash": "sha256-ey4T9zvmJqD6iV1lalAGLlsL/ErMZHJcWmH//Ux8/T8=",
        "owner": "NixOS",
        "repo": "nixpkgs",
        "rev": "1f5964950f6594cc382e2971868aaf8c2acfaf3b",
        "type": "github"
      },
      "original": {
        "owner": "NixOS",
        "ref": "master",
        "repo": "nixpkgs",
        "type": "github"
      }
    },
    "openai-skills": {
      "flake": false,
      "locked": {
        "lastModified": 1782268572,
        "narHash": "sha256-t4oGnFg0YpxJaQiFpgTiwYhaFoZK6wPDiqvHoG0bXiU=",
        "owner": "openai",
        "repo": "skills",
        "rev": "49f948faa9258a0c61caceaf225e179651397431",
        "type": "github"
      },
      "original": {
        "owner": "openai",
        "repo": "skills",
        "type": "github"
      }
    },
    "openclaw": {
      "flake": false,
      "locked": {
        "lastModified": 1786483083,
        "narHash": "sha256-B65MQIYiVn9ghZiZumFWzNyCWAzAGAsKWsCPbOFt+gs=",
        "owner": "openclaw",
        "repo": "openclaw",
        "rev": "cfc684e49c1f2442c68ae6b14f5c777f88e3cf4d",
        "type": "github"
      },
      "original": {
        "owner": "openclaw",
        "repo": "openclaw",
        "type": "github"
      }
    },
    "pre-commit-hooks-nix": {
      "inputs": {
        "flake-compat": [
          "system-manager",
          "userborn",
          "flake-compat"
        ],
        "gitignore": "gitignore",
        "nixpkgs": [
          "system-manager",
          "userborn",
          "nixpkgs"
        ]
      },
      "locked": {
        "lastModified": 1769069492,
        "narHash": "sha256-Efs3VUPelRduf3PpfPP2ovEB4CXT7vHf8W+xc49RL/U=",
        "owner": "cachix",
        "repo": "pre-commit-hooks.nix",
        "rev": "a1ef738813b15cf8ec759bdff5761b027e3e1d23",
        "type": "github"
      },
      "original": {
        "owner": "cachix",
        "repo": "pre-commit-hooks.nix",
        "type": "github"
      }
    },
    "root": {
      "inputs": {
        "agenix": "agenix",
        "agent-skills": "agent-skills",
        "anthropic-skills": "anthropic-skills",
        "autoskills": "autoskills",
        "blueprint": "blueprint_2",
        "cc-templates": "cc-templates",
        "cloudflare-skills": "cloudflare-skills",
        "dot-skills": "dot-skills",
        "ecc": "ecc",
        "flake-file": "flake-file",
        "gemini-cli": "gemini-cli",
        "genshijin": "genshijin",
        "google-skills": "google-skills",
        "hashicorp-agent-skills": "hashicorp-agent-skills",
        "home-manager": "home-manager_2",
        "homebrew-jackielii-tap": "homebrew-jackielii-tap",
        "i-have-adhd": "i-have-adhd",
        "kaynetik-skills": "kaynetik-skills",
        "llm-agents": "llm-agents",
        "mattpocock-skills": "mattpocock-skills",
        "natural-japanese": "natural-japanese",
        "nix-darwin": "nix-darwin",
        "nix-homebrew": "nix-homebrew",
        "nixpkgs": "nixpkgs_2",
        "openai-skills": "openai-skills",
        "openclaw": "openclaw",
        "spring-boot-skills": "spring-boot-skills",
        "superpowers": "superpowers",
        "system-manager": "system-manager",
        "terminal-browser": "terminal-browser",
        "trailofbits-skills": "trailofbits-skills",
        "wshobson-agents": "wshobson-agents"
      }
    },
    "spring-boot-skills": {
      "flake": false,
      "locked": {
        "lastModified": 1786362717,
        "narHash": "sha256-F8Zgt0OG20GWjvl5FzI55G0wxndB9DJHJ4gScePXf/4=",
        "owner": "rrezartprebreza",
        "repo": "spring-boot-skills",
        "rev": "7551dc941cbd64209eac95b974c166bbcd32bfd5",
        "type": "github"
      },
      "original": {
        "owner": "rrezartprebreza",
        "repo": "spring-boot-skills",
        "type": "github"
      }
    },
    "superpowers": {
      "flake": false,
      "locked": {
        "lastModified": 1785266736,
        "narHash": "sha256-fnl+HbPL2qD5Zgz8a1NctjFJSqu6UsyHJAhQMLQNXXc=",
        "owner": "obra",
        "repo": "superpowers",
        "rev": "44c9b2d6e889982ac18c27d05a19fefe335194e1",
        "type": "github"
      },
      "original": {
        "owner": "obra",
        "repo": "superpowers",
        "type": "github"
      }
    },
    "system-manager": {
      "inputs": {
        "flake-compat": "flake-compat",
        "nixpkgs": [
          "nixpkgs"
        ],
        "userborn": "userborn"
      },
      "locked": {
        "lastModified": 1784579760,
        "narHash": "sha256-7YKNfK0RQbUoYkjDI/EpTk76nDUiONJYuOxZnflx7tI=",
        "owner": "numtide",
        "repo": "system-manager",
        "rev": "48d47346e0c6ad05b6c869ea92649c47723d1cfc",
        "type": "github"
      },
      "original": {
        "owner": "numtide",
        "repo": "system-manager",
        "type": "github"
      }
    },
    "systems": {
      "locked": {
        "lastModified": 1681028828,
        "narHash": "sha256-Vy1rq5AaRuLzOxct8nz4T6wlgyUR7zLU309k9mBC768=",
        "owner": "nix-systems",
        "repo": "default",
        "rev": "da67096a3b9bf56a91d16901293e51ba5b49a27e",
        "type": "github"
      },
      "original": {
        "owner": "nix-systems",
        "repo": "default",
        "type": "github"
      }
    },
    "systems_2": {
      "locked": {
        "lastModified": 1681028828,
        "narHash": "sha256-Vy1rq5AaRuLzOxct8nz4T6wlgyUR7zLU309k9mBC768=",
        "owner": "nix-systems",
        "repo": "default",
        "rev": "da67096a3b9bf56a91d16901293e51ba5b49a27e",
        "type": "github"
      },
      "original": {
        "owner": "nix-systems",
        "repo": "default",
        "type": "github"
      }
    },
    "systems_3": {
      "locked": {
        "lastModified": 1681028828,
        "narHash": "sha256-Vy1rq5AaRuLzOxct8nz4T6wlgyUR7zLU309k9mBC768=",
        "owner": "nix-systems",
        "repo": "default",
        "rev": "da67096a3b9bf56a91d16901293e51ba5b49a27e",
        "type": "github"
      },
      "original": {
        "owner": "nix-systems",
        "repo": "default",
        "type": "github"
      }
    },
    "systems_4": {
      "locked": {
        "lastModified": 1681028828,
        "narHash": "sha256-Vy1rq5AaRuLzOxct8nz4T6wlgyUR7zLU309k9mBC768=",
        "owner": "nix-systems",
        "repo": "default",
        "rev": "da67096a3b9bf56a91d16901293e51ba5b49a27e",
        "type": "github"
      },
      "original": {
        "owner": "nix-systems",
        "repo": "default",
        "type": "github"
      }
    },
    "systems_5": {
      "locked": {
        "lastModified": 1681028828,
        "narHash": "sha256-Vy1rq5AaRuLzOxct8nz4T6wlgyUR7zLU309k9mBC768=",
        "owner": "nix-systems",
        "repo": "default",
        "rev": "da67096a3b9bf56a91d16901293e51ba5b49a27e",
        "type": "github"
      },
      "original": {
        "owner": "nix-systems",
        "repo": "default",
        "type": "github"
      }
    },
    "terminal-browser": {
      "flake": false,
      "locked": {
        "lastModified": 1786466096,
        "narHash": "sha256-amTZosHysUA9KoqGtpjSE7L2mqtWRHSHKfOBtLPHjao=",
        "owner": "zenbu-labs",
        "repo": "terminal-browser",
        "rev": "23dd4b5a1866747bb5cd59e451ec836e05481239",
        "type": "github"
      },
      "original": {
        "owner": "zenbu-labs",
        "repo": "terminal-browser",
        "type": "github"
      }
    },
    "trailofbits-skills": {
      "flake": false,
      "locked": {
        "lastModified": 1786474634,
        "narHash": "sha256-PVGdVytGdBWKAGEjFBDP0nEFc1g1sbWrAei+4lH/X2s=",
        "owner": "trailofbits",
        "repo": "skills",
        "rev": "304c81a8cefb6e3c029ebd0d12940ccf0713eccb",
        "type": "github"
      },
      "original": {
        "owner": "trailofbits",
        "repo": "skills",
        "type": "github"
      }
    },
    "treefmt-nix": {
      "inputs": {
        "nixpkgs": [
          "llm-agents",
          "nixpkgs"
        ]
      },
      "locked": {
        "lastModified": 1785945821,
        "narHash": "sha256-NLSyTCW4K4ofhNBllt3omPasm6QpralXH1DBZOc91Dw=",
        "owner": "numtide",
        "repo": "treefmt-nix",
        "rev": "ae7910970dddc408fe6ab1c8e4b277bb21d72dc0",
        "type": "github"
      },
      "original": {
        "owner": "numtide",
        "repo": "treefmt-nix",
        "type": "github"
      }
    },
    "userborn": {
      "inputs": {
        "flake-compat": [
          "system-manager",
          "flake-compat"
        ],
        "flake-parts": "flake-parts_2",
        "nixpkgs": [
          "system-manager",
          "nixpkgs"
        ],
        "pre-commit-hooks-nix": "pre-commit-hooks-nix",
        "systems": "systems_5"
      },
      "locked": {
        "lastModified": 1770377964,
        "narHash": "sha256-q2pnlX2IW0kg80GLFnwWd/GigIpkuZnyKPLhrgJql3E=",
        "owner": "jfroche",
        "repo": "userborn",
        "rev": "55c2cd7952c207a62736a5bbd9499ea73da18d24",
        "type": "github"
      },
      "original": {
        "owner": "jfroche",
        "ref": "system-manager",
        "repo": "userborn",
        "type": "github"
      }
    },
    "wshobson-agents": {
      "flake": false,
      "locked": {
        "lastModified": 1784409919,
        "narHash": "sha256-/7pBdX0uJcKM0ihcSvcrP2Ae9aTK688GBhgaSNesXRU=",
        "owner": "wshobson",
        "repo": "agents",
        "rev": "c4b82b0ad771190355eb8e204b1329732a18449a",
        "type": "github"
      },
      "original": {
        "owner": "wshobson",
        "repo": "agents",
        "type": "github"
      }
    }
  },
  "root": "root",
  "version": 7
}
