{
  "nodes": {
    "agenix": {
      "inputs": {
        "darwin": "darwin",
        "home-manager": "home-manager",
        "nixpkgs": [
          "nixpkgs"
        ],
        "systems": "systems"
      },
      "locked": {
        "lastModified": 1770165109,
        "narHash": "sha256-9VnK6Oqai65puVJ4WYtCTvlJeXxMzAp/69HhQuTdl/I=",
        "owner": "ryantm",
        "repo": "agenix",
        "rev": "b027ee29d959fda4b60b57566d64c98a202e0feb",
        "type": "github"
      },
      "original": {
        "owner": "ryantm",
        "ref": "main",
        "repo": "agenix",
        "type": "github"
      }
    },
    "agent-skills": {
      "inputs": {
        "blueprint": "blueprint",
        "home-manager": [
          "home-manager"
        ],
        "nixpkgs": [
          "nixpkgs"
        ]
      },
      "locked": {
        "lastModified": 1785909051,
        "narHash": "sha256-wR7wgld8IVJ2C2CWJtgd56ZFyUK8SEWN/NyCRygwDAg=",
        "owner": "Kyure-A",
        "repo": "agent-skills-nix",
        "rev": "d86bab6d839202d838ed1451a64a94d3f0718f5b",
        "type": "github"
      },
      "original": {
        "owner": "Kyure-A",
        "repo": "agent-skills-nix",
        "type": "github"
      }
    },
    "anthropic-skills": {
      "flake": false,
      "locked": {
        "lastModified": 1786122854,
        "narHash": "sha256-vTqAu8eRY+8ymbf065SWHHjNX/li3SOR+sWq1npteTM=",
        "owner": "anthropics",
        "repo": "skills",
        "rev": "f17010c9bb483898c1d9c9f42dde2b3a98889434",
        "type": "github"
      },
      "original": {
        "owner": "anthropics",
        "repo": "skills",
        "type": "github"
      }
    },
    "autoskills": {
      "flake": false,
      "locked": {
        "lastModified": 1784289814,
        "narHash": "sha256-N4k7YwZDYwRDQrMPe0wxzFtirOgCFAfAO4tisnQqV+8=",
        "owner": "midudev",
        "repo": "autoskills",
        "rev": "0ec725320d2137253ab2e68e7ba8a072148e741a",
        "type": "github"
      },
      "original": {
        "owner": "midudev",
        "repo": "autoskills",
        "type": "github"
      }
    },
    "blueprint": {
      "inputs": {
        "nixpkgs": [
          "agent-skills",
          "nixpkgs"
        ],
        "systems": "systems_2"
      },
      "locked": {
        "lastModified": 1776249299,
        "narHash": "sha256-Dt9t1TGRmJFc0xVYhttNBD6QsAgHOHCArqGa0AyjrJY=",
        "owner": "numtide",
        "repo": "blueprint",
        "rev": "56131e8628f173d24a27f6d27c0215eff57e40dd",
        "type": "github"
      },
      "original": {
        "owner": "numtide",
        "repo": "blueprint",
        "type": "github"
      }
    },
    "blueprint_2": {
      "inputs": {
        "nixpkgs": [
          "nixpkgs"
        ],
        "systems": "systems_3"
      },
      "locked": {
        "lastModified": 1776249299,
        "narHash": "sha256-Dt9t1TGRmJFc0xVYhttNBD6QsAgHOHCArqGa0AyjrJY=",
        "owner": "numtide",
        "repo": "blueprint",
        "rev": "56131e8628f173d24a27f6d27c0215eff57e40dd",
        "type": "github"
      },
      "original": {
        "owner": "numtide",
        "repo": "blueprint",
        "type": "github"
      }
    },
    "brew-src": {
      "flake": false,
      "locked": {
        "lastModified": 1785710351,
        "narHash": "sha256-DTL5T9+HlblsnXCEdxRpEo/2NBHD3t48BS7r+PTf090=",
        "owner": "Homebrew",
        "repo": "brew",
        "rev": "7b0f22a4ab77567edef114c8dfc423fb96e2fbaa",
        "type": "github"
      },
      "original": {
        "owner": "Homebrew",
        "ref": "6.0.15",
        "repo": "brew",
        "type": "github"
      }
    },
    "bun2nix": {
      "inputs": {
        "flake-parts": [
          "llm-agents",
          "flake-parts"
        ],
        "nixpkgs": [
          "llm-agents",
          "nixpkgs"
        ],
        "systems": [
          "llm-agents",
          "systems"
        ],
        "treefmt-nix": [
          "llm-agents",
          "treefmt-nix"
        ]
      },
      "locked": {
        "lastModified": 1784665499,
        "narHash": "sha256-9BMxlTxCCDAeoNLtb1a/st7udtTIJep+wpUzquA29VU=",
        "owner": "nix-community",
        "repo": "bun2nix",
        "rev": "0f2a1f0b6f42cebe3b149bf62d38754c5e0e9729",
        "type": "github"
      },
      "original": {
        "owner": "nix-community",
        "repo": "bun2nix",
        "type": "github"
      }
    },
    "cc-templates": {
      "flake": false,
      "locked": {
        "lastModified": 1786246439,
        "narHash": "sha256-6VJGUIMQLj02lCRYb8V/Op0ed9uSqec1AZa5CoEVl5w=",
        "owner": "davila7",
        "repo": "claude-code-templates",
        "rev": "22d8efa9e9afcf31b98b7e3952ec557694e72c13",
        "type": "github"
      },
      "original": {
        "owner": "davila7",
        "repo": "claude-code-templates",
        "type": "github"
      }
    },
    "cloudflare-skills": {
      "flake": false,
      "locked": {
        "lastModified": 1786124673,
        "narHash": "sha256-r8HeH9XWV9qhbMq3fPASNfT5Y1mrfsgBI5STiUi/LVA=",
        "owner": "cloudflare",
        "repo": "skills",
        "rev": "f96bff754e428838818017f75817f0f9428acd48",
        "type": "github"
      },
      "original": {
        "owner": "cloudflare",
        "repo": "skills",
        "type": "github"
      }
    },
    "darwin": {
      "inputs": {
        "nixpkgs": [
          "agenix",
          "nixpkgs"
        ]
      },
      "locked": {
        "lastModified": 1744478979,
        "narHash": "sha256-dyN+teG9G82G+m+PX/aSAagkC+vUv0SgUw3XkPhQodQ=",
        "owner": "lnl7",
        "repo": "nix-darwin",
        "rev": "43975d782b418ebf4969e9ccba82466728c2851b",
        "type": "github"
      },
      "original": {
        "owner": "lnl7",
        "ref": "master",
        "repo": "nix-darwin",
        "type": "github"
      }
    },
    "dot-skills": {
      "flake": false,
      "locked": {
        "lastModified": 1784871034,
        "narHash": "sha256-cAMdC3QWNm/fz2I6vG+SyUQQh1HUNJ2OHw9U0zw0UsA=",
        "owner": "pproenca",
        "repo": "dot-skills",
        "rev": "c9228d2d0c1391190168845824ceb4e33bb844fb",
        "type": "github"
      },
      "original": {
        "owner": "pproenca",
        "repo": "dot-skills",
        "type": "github"
      }
    },
    "ecc": {
      "flake": false,
      "locked": {
        "lastModified": 1786271824,
        "narHash": "sha256-AJL3kVYiZ6+dDF5tiZGFxhkyIEE9/rRmCImTxjdijpI=",
        "owner": "affaan-m",
        "repo": "ecc",
        "rev": "2d46e80e0925c7be0907f18c1812311ac212a6c5",
        "type": "github"
      },
      "original": {
        "owner": "affaan-m",
        "repo": "ecc",
        "type": "github"
      }
    },
    "flake-compat": {
      "flake": false,
      "locked": {
        "lastModified": 1767039857,
        "narHash": "sha256-vNpUSpF5Nuw8xvDLj2KCwwksIbjua2LZCqhV1LNRDns=",
        "owner": "edolstra",
        "repo": "flake-compat",
        "rev": "5edf11c44bc78a0d334f6334cdaf7d60d732daab",
        "type": "github"
      },
      "original": {
        "owner": "edolstra",
        "repo": "flake-compat",
        "type": "github"
      }
    },
    "flake-file": {
      "locked": {
        "lastModified": 1785282747,
        "narHash": "sha256-ZwdMXUu0Udb4yzI65+psyJeUF+wexByNEvTUSx1xjVs=",
        "owner": "denful",
        "repo": "flake-file",
        "rev": "56c46842d70754345c4a4581b8cbebe87b8fc067",
        "type": "github"
      },
      "original": {
        "owner": "denful",
        "repo": "flake-file",
        "type": "github"
      }
    },
    "flake-parts": {
      "inputs": {
        "nixpkgs-lib": [
          "llm-agents",
          "nixpkgs"
        ]
      },
      "locked": {
        "lastModified": 1785627969,
        "narHash": "sha256-4dtXQk/NMePegK/nWp5NSeuZKLATItOq61lpEvmXqGw=",
        "owner": "hercules-ci",
        "repo": "flake-parts",
        "rev": "427bf4bd9435fdf21321c8cc628c24efc14c0f7a",
        "type": "github"
      },
      "original": {
        "owner": "hercules-ci",
        "repo": "flake-parts",
        "type": "github"
      }
    },
    "flake-parts_2": {
      "inputs": {
        "nixpkgs-lib": [
          "system-manager",
          "userborn",
          "nixpkgs"
        ]
      },
      "locked": {
        "lastModified": 1768135262,
        "narHash": "sha256-PVvu7OqHBGWN16zSi6tEmPwwHQ4rLPU9Plvs8/1TUBY=",
        "owner": "hercules-ci",
        "repo": "flake-parts",
        "rev": "80daad04eddbbf5a4d883996a73f3f542fa437ac",
        "type": "github"
      },
      "original": {
        "owner": "hercules-ci",
        "repo": "flake-parts",
        "type": "github"
      }
    },
    "gemini-cli": {
      "flake": false,
      "locked": {
        "lastModified": 1786135547,
        "narHash": "sha256-Jv64UzxQQsDAgNZhXJQ3u372VR3/82fok3XHjWt6/dE=",
        "owner": "google-gemini",
        "repo": "gemini-cli",
        "rev": "cf22ac7e86f3dcf528e3ae591fec1c03090a49f8",
        "type": "github"
      },
      "original": {
        "owner": "google-gemini",
        "repo": "gemini-cli",
        "type": "github"
      }
    },
    "genshijin": {
      "flake": false,
      "locked": {
        "lastModified": 1785827430,
        "narHash": "sha256-E1/7WSlh+B9bM7UzyGbIzmNsprCGLewPqUK50Fi+cnI=",
        "owner": "InterfaceX-co-jp",
        "repo": "genshijin",
        "rev": "968d3c449499fdefc00aff9f1fe9c52c4dfdc7ae",
        "type": "github"
      },
      "original": {
        "owner": "InterfaceX-co-jp",
        "repo": "genshijin",
        "type": "github"
      }
    },
    "gitignore": {
      "inputs": {
        "nixpkgs": [
          "system-manager",
          "userborn",
          "pre-commit-hooks-nix",
          "nixpkgs"
        ]
      },
      "locked": {
        "lastModified": 1709087332,
        "narHash": "sha256-HG2cCnktfHsKV0s4XW83gU3F57gaTljL9KNSuG6bnQs=",
        "owner": "hercules-ci",
        "repo": "gitignore.nix",
        "rev": "637db329424fd7e46cf4185293b9cc8c88c95394",
        "type": "github"
      },
      "original": {
        "owner": "hercules-ci",
        "repo": "gitignore.nix",
        "type": "github"
      }
    },
    "google-skills": {
      "flake": false,
      "locked": {
        "lastModified": 1786143051,
        "narHash": "sha256-lr8ljjGhZAYFoPLW5I1f+/DGVSnLsRsUEK0MG/COC1U=",
        "owner": "google",
        "repo": "skills",
        "rev": "092e210b243601797a0fb939040be2b1288e6d39",
        "type": "github"
      },
      "original": {
        "owner": "google",
        "repo": "skills",
        "type": "github"
      }
    },
    "hashicorp-agent-skills": {
      "flake": false,
      "locked": {
        "lastModified": 1785861436,
        "narHash": "sha256-JI0xMAOZ9xXl4ZrPnI8L2D3f4RGfrARFm3n4PwFA1Zk=",
        "owner": "hashicorp",
        "repo": "agent-skills",
        "rev": "146815e19decbb28252eebcf4125054e0a8783f1",
        "type": "github"
      },
      "original": {
        "owner": "hashicorp",
        "repo": "agent-skills",
        "type": "github"
      }
    },
    "home-manager": {
      "inputs": {
        "nixpkgs": [
          "agenix",
          "nixpkgs"
        ]
      },
      "locked": {
        "lastModified": 1745494811,
        "narHash": "sha256-YZCh2o9Ua1n9uCvrvi5pRxtuVNml8X2a03qIFfRKpFs=",
        "owner": "nix-community",
        "repo": "home-manager",
        "rev": "abfad3d2958c9e6300a883bd443512c55dfeb1be",
        "type": "github"
      },
      "original": {
        "owner": "nix-community",
        "repo": "home-manager",
        "type": "github"
      }
    },
    "home-manager_2": {
      "inputs": {
        "nixpkgs": [
          "nixpkgs"
        ]
      },
      "locked": {
        "lastModified": 1786031233,
        "narHash": "sha256-TIDlLTLI1/pB7IqgjzcKQjpODQsZE2oII4XGG9B6KjI=",
        "owner": "nix-community",
        "repo": "home-manager",
        "rev": "7834e82588860aaf780cec1366524456a70898d7",
        "type": "github"
      },
      "original": {
        "owner": "nix-community",
        "ref": "master",
        "repo": "home-manager",
        "type": "github"
      }
    },
    "homebrew-jackielii-tap": {
      "flake": false,
      "locked": {
        "lastModified": 1784537903,
        "narHash": "sha256-vC1tDxOSzxx1u+tbo3gyoZTm7u+GsyymuNL5k0ERd2Y=",
        "owner": "jackielii",
        "repo": "homebrew-tap",
        "rev": "634cd3c1a495f59f832813410f07ddf2c4a1c50c",
        "type": "github"
      },
      "original": {
        "owner": "jackielii",
        "repo": "homebrew-tap",
        "type": "github"
      }
    },
    "i-have-adhd": {
      "flake": false,
      "locked": {
        "lastModified": 1786040351,
        "narHash": "sha256-uwwifEre0HmYpKkBN77NtLzyg8OrGH7NWlT6v40WOSs=",
        "owner": "ayghri",
        "repo": "i-have-adhd",
        "rev": "2d19ad205eb1d85fc9c3968bdeba4c2116518685",
        "type": "github"
      },
      "original": {
        "owner": "ayghri",
        "repo": "i-have-adhd",
        "type": "github"
      }
    },
    "kaynetik-skills": {
      "flake": false,
      "locked": {
        "lastModified": 1777797039,
        "narHash": "sha256-yTf6V3eAH363YWxV/3bXw/08B68PNmeoPSmd9Nj0Ob4=",
        "owner": "kaynetik",
        "repo": "skills",
        "rev": "7bc6c41c8014b183e0112768cbe937ca05cfb87b",
        "type": "github"
      },
      "original": {
        "owner": "kaynetik",
        "repo": "skills",
        "type": "github"
      }
    },
    "llm-agents": {
      "inputs": {
        "bun2nix": "bun2nix",
        "flake-parts": "flake-parts",
        "nixpkgs": "nixpkgs",
        "systems": "systems_4",
        "treefmt-nix": "treefmt-nix"
      },
      "locked": {
        "lastModified": 1786275593,
        "narHash": "sha256-JcorQMqnmYSI0Kw53P/Gr0GUrHAqSBR1SvEiUPIF828=",
        "owner": "numtide",
        "repo": "llm-agents.nix",
        "rev": "a3cf44d5a3082134ada0d95736f542954eecd3f7",
        "type": "github"
      },
      "original": {
        "owner": "numtide",
        "repo": "llm-agents.nix",
        "type": "github"
      }
    },
    "mattpocock-skills": {
      "flake": false,
      "locked": {
        "lastModified": 1786045791,
        "narHash": "sha256-pseSJJb5nBBGPzpxA1GzjGLB9OrT+u0At1saJ4NqZ1E=",
        "owner": "mattpocock",
        "repo": "skills",
        "rev": "84fdeffd12f2ee307994d1eb6feb48173b6e0502",
        "type": "github"
      },
      "original": {
        "owner": "mattpocock",
        "repo": "skills",
        "type": "github"
      }
    },
    "natural-japanese": {
      "flake": false,
      "locked": {
        "lastModified": 1784732195,
        "narHash": "sha256-OR5pLtaGAYdGe4X/0l80OFeAvC4YKAJeFYsss57znVs=",
        "owner": "coji",
        "repo": "natural-japanese",
        "rev": "b54954f8deb4f110f0959f4e4fac295708900120",
        "type": "github"
      },
      "original": {
        "owner": "coji",
        "repo": "natural-japanese",
        "type": "github"
      }
    },
    "nix-darwin": {
      "inputs": {
        "nixpkgs": [
          "nixpkgs"
        ]
      },
      "locked": {
        "lastModified": 1785389976,
        "narHash": "sha256-0tLW8Ff5yt8AH97jw4ZpFJ0OCJ122zIlgWGDmOfU/VU=",
        "owner": "nix-darwin",
        "repo": "nix-darwin",
        "rev": "15abb8c98f336cd8bd840d71059adebabe60bf04",
        "type": "github"
      },
      "original": {
        "owner": "nix-darwin",
        "ref": "master",
        "repo": "nix-darwin",
        "type": "github"
      }
    },
    "nix-homebrew": {
      "inputs": {
        "brew-src": "brew-src"
      },
      "locked": {
        "lastModified": 1786217209,
        "narHash": "sha256-rusAj5QBnbSwXG6csns6dwxTeCOGRcj08VmlnhUQ6ZY=",
        "owner": "zhaofengli",
        "repo": "nix-homebrew",
        "rev": "486357ea434dc0061ea52121ff99b1d33096c811",
        "type": "github"
      },
      "original": {
        "owner": "zhaofengli",
        "repo": "nix-homebrew",
        "type": "github"
      }
    },
    "nixpkgs": {
      "locked": {
        "lastModified": 1785975029,
        "narHash": "sha256-X44cn5rzytELc3NNoQsh0aLkjWA/QzPfc6HPQmsG3sU=",
        "owner": "NixOS",
        "repo": "nixpkgs",
        "rev": "70ce234312134a463ba7728e94da2486a1d237ac",
        "type": "github"
      },
      "original": {
        "owner": "NixOS",
        "ref": "nixpkgs-unstable",
        "repo": "nixpkgs",
        "type": "github"
      }
    },
    "nixpkgs_2": {
      "locked": {
        "lastModified": 1786281493,
        "narHash": "sha256-Dsk2Tv1hv7smxnS8JNkoJq8tZWuTKOH27qpoLc2HFik=",
        "owner": "NixOS",
        "repo": "nixpkgs",
        "rev": "b6f7f7d6a7a9bd5885710f497defdc9136aa34c0",
        "type": "github"
      },
      "original": {
        "owner": "NixOS",
        "ref": "master",
        "repo": "nixpkgs",
        "type": "github"
      }
    },
    "openai-skills": {
      "flake": false,
      "locked": {
        "lastModified": 1782268572,
        "narHash": "sha256-t4oGnFg0YpxJaQiFpgTiwYhaFoZK6wPDiqvHoG0bXiU=",
        "owner": "openai",
        "repo": "skills",
        "rev": "49f948faa9258a0c61caceaf225e179651397431",
        "type": "github"
      },
      "original": {
        "owner": "openai",
        "repo": "skills",
        "type": "github"
      }
    },
    "openclaw": {
      "flake": false,
      "locked": {
        "lastModified": 1786280680,
        "narHash": "sha256-OrGl5IhaaZTfzLgMSaTrghf/4pDnX87f7U05tlvgKlE=",
        "owner": "openclaw",
        "repo": "openclaw",
        "rev": "cb50289e28369f61cab6572e3952879f8854b17c",
        "type": "github"
      },
      "original": {
        "owner": "openclaw",
        "repo": "openclaw",
        "type": "github"
      }
    },
    "pre-commit-hooks-nix": {
      "inputs": {
        "flake-compat": [
          "system-manager",
          "userborn",
          "flake-compat"
        ],
        "gitignore": "gitignore",
        "nixpkgs": [
          "system-manager",
          "userborn",
          "nixpkgs"
        ]
      },
      "locked": {
        "lastModified": 1769069492,
        "narHash": "sha256-Efs3VUPelRduf3PpfPP2ovEB4CXT7vHf8W+xc49RL/U=",
        "owner": "cachix",
        "repo": "pre-commit-hooks.nix",
        "rev": "a1ef738813b15cf8ec759bdff5761b027e3e1d23",
        "type": "github"
      },
      "original": {
        "owner": "cachix",
        "repo": "pre-commit-hooks.nix",
        "type": "github"
      }
    },
    "root": {
      "inputs": {
        "agenix": "agenix",
        "agent-skills": "agent-skills",
        "anthropic-skills": "anthropic-skills",
        "autoskills": "autoskills",
        "blueprint": "blueprint_2",
        "cc-templates": "cc-templates",
        "cloudflare-skills": "cloudflare-skills",
        "dot-skills": "dot-skills",
        "ecc": "ecc",
        "flake-file": "flake-file",
        "gemini-cli": "gemini-cli",
        "genshijin": "genshijin",
        "google-skills": "google-skills",
        "hashicorp-agent-skills": "hashicorp-agent-skills",
        "home-manager": "home-manager_2",
        "homebrew-jackielii-tap": "homebrew-jackielii-tap",
        "i-have-adhd": "i-have-adhd",
        "kaynetik-skills": "kaynetik-skills",
        "llm-agents": "llm-agents",
        "mattpocock-skills": "mattpocock-skills",
        "natural-japanese": "natural-japanese",
        "nix-darwin": "nix-darwin",
        "nix-homebrew": "nix-homebrew",
        "nixpkgs": "nixpkgs_2",
        "openai-skills": "openai-skills",
        "openclaw": "openclaw",
        "spring-boot-skills": "spring-boot-skills",
        "superpowers": "superpowers",
        "system-manager": "system-manager",
        "terminal-browser": "terminal-browser",
        "trailofbits-skills": "trailofbits-skills",
        "wshobson-agents": "wshobson-agents"
      }
    },
    "spring-boot-skills": {
      "flake": false,
      "locked": {
        "lastModified": 1786109207,
        "narHash": "sha256-k5U7jzhmtEhnOZcKNpXkexemNGNp6DqXWdWX/jPivqI=",
        "owner": "rrezartprebreza",
        "repo": "spring-boot-skills",
        "rev": "1c2ddbb6fdabf9ecbb7ce8e36d8c4f499942cb31",
        "type": "github"
      },
      "original": {
        "owner": "rrezartprebreza",
        "repo": "spring-boot-skills",
        "type": "github"
      }
    },
    "superpowers": {
      "flake": false,
      "locked": {
        "lastModified": 1785266736,
        "narHash": "sha256-fnl+HbPL2qD5Zgz8a1NctjFJSqu6UsyHJAhQMLQNXXc=",
        "owner": "obra",
        "repo": "superpowers",
        "rev": "44c9b2d6e889982ac18c27d05a19fefe335194e1",
        "type": "github"
      },
      "original": {
        "owner": "obra",
        "repo": "superpowers",
        "type": "github"
      }
    },
    "system-manager": {
      "inputs": {
        "flake-compat": "flake-compat",
        "nixpkgs": [
          "nixpkgs"
        ],
        "userborn": "userborn"
      },
      "locked": {
        "lastModified": 1784579760,
        "narHash": "sha256-7YKNfK0RQbUoYkjDI/EpTk76nDUiONJYuOxZnflx7tI=",
        "owner": "numtide",
        "repo": "system-manager",
        "rev": "48d47346e0c6ad05b6c869ea92649c47723d1cfc",
        "type": "github"
      },
      "original": {
        "owner": "numtide",
        "repo": "system-manager",
        "type": "github"
      }
    },
    "systems": {
      "locked": {
        "lastModified": 1681028828,
        "narHash": "sha256-Vy1rq5AaRuLzOxct8nz4T6wlgyUR7zLU309k9mBC768=",
        "owner": "nix-systems",
        "repo": "default",
        "rev": "da67096a3b9bf56a91d16901293e51ba5b49a27e",
        "type": "github"
      },
      "original": {
        "owner": "nix-systems",
        "repo": "default",
        "type": "github"
      }
    },
    "systems_2": {
      "locked": {
        "lastModified": 1681028828,
        "narHash": "sha256-Vy1rq5AaRuLzOxct8nz4T6wlgyUR7zLU309k9mBC768=",
        "owner": "nix-systems",
        "repo": "default",
        "rev": "da67096a3b9bf56a91d16901293e51ba5b49a27e",
        "type": "github"
      },
      "original": {
        "owner": "nix-systems",
        "repo": "default",
        "type": "github"
      }
    },
    "systems_3": {
      "locked": {
        "lastModified": 1681028828,
        "narHash": "sha256-Vy1rq5AaRuLzOxct8nz4T6wlgyUR7zLU309k9mBC768=",
        "owner": "nix-systems",
        "repo": "default",
        "rev": "da67096a3b9bf56a91d16901293e51ba5b49a27e",
        "type": "github"
      },
      "original": {
        "owner": "nix-systems",
        "repo": "default",
        "type": "github"
      }
    },
    "systems_4": {
      "locked": {
        "lastModified": 1681028828,
        "narHash": "sha256-Vy1rq5AaRuLzOxct8nz4T6wlgyUR7zLU309k9mBC768=",
        "owner": "nix-systems",
        "repo": "default",
        "rev": "da67096a3b9bf56a91d16901293e51ba5b49a27e",
        "type": "github"
      },
      "original": {
        "owner": "nix-systems",
        "repo": "default",
        "type": "github"
      }
    },
    "systems_5": {
      "locked": {
        "lastModified": 1681028828,
        "narHash": "sha256-Vy1rq5AaRuLzOxct8nz4T6wlgyUR7zLU309k9mBC768=",
        "owner": "nix-systems",
        "repo": "default",
        "rev": "da67096a3b9bf56a91d16901293e51ba5b49a27e",
        "type": "github"
      },
      "original": {
        "owner": "nix-systems",
        "repo": "default",
        "type": "github"
      }
    },
    "terminal-browser": {
      "flake": false,
      "locked": {
        "lastModified": 1786078991,
        "narHash": "sha256-9E5KuMg1bBurGu7BmjTewnGSZBzy6ICzUjPtxAZJo7I=",
        "owner": "zenbu-labs",
        "repo": "terminal-browser",
        "rev": "d4b2521b06bf22913af80d7a311be5eaacad1d68",
        "type": "github"
      },
      "original": {
        "owner": "zenbu-labs",
        "repo": "terminal-browser",
        "type": "github"
      }
    },
    "trailofbits-skills": {
      "flake": false,
      "locked": {
        "lastModified": 1786134195,
        "narHash": "sha256-gxzcnfXgjq4TYKdYzEH5g5+pmFpKBwqCg+6fdnq5YBg=",
        "owner": "trailofbits",
        "repo": "skills",
        "rev": "7b9bd5f950f89a9ba71b249b9801c1a95be3928e",
        "type": "github"
      },
      "original": {
        "owner": "trailofbits",
        "repo": "skills",
        "type": "github"
      }
    },
    "treefmt-nix": {
      "inputs": {
        "nixpkgs": [
          "llm-agents",
          "nixpkgs"
        ]
      },
      "locked": {
        "lastModified": 1785945821,
        "narHash": "sha256-NLSyTCW4K4ofhNBllt3omPasm6QpralXH1DBZOc91Dw=",
        "owner": "numtide",
        "repo": "treefmt-nix",
        "rev": "ae7910970dddc408fe6ab1c8e4b277bb21d72dc0",
        "type": "github"
      },
      "original": {
        "owner": "numtide",
        "repo": "treefmt-nix",
        "type": "github"
      }
    },
    "userborn": {
      "inputs": {
        "flake-compat": [
          "system-manager",
          "flake-compat"
        ],
        "flake-parts": "flake-parts_2",
        "nixpkgs": [
          "system-manager",
          "nixpkgs"
        ],
        "pre-commit-hooks-nix": "pre-commit-hooks-nix",
        "systems": "systems_5"
      },
      "locked": {
        "lastModified": 1770377964,
        "narHash": "sha256-q2pnlX2IW0kg80GLFnwWd/GigIpkuZnyKPLhrgJql3E=",
        "owner": "jfroche",
        "repo": "userborn",
        "rev": "55c2cd7952c207a62736a5bbd9499ea73da18d24",
        "type": "github"
      },
      "original": {
        "owner": "jfroche",
        "ref": "system-manager",
        "repo": "userborn",
        "type": "github"
      }
    },
    "wshobson-agents": {
      "flake": false,
      "locked": {
        "lastModified": 1784409919,
        "narHash": "sha256-/7pBdX0uJcKM0ihcSvcrP2Ae9aTK688GBhgaSNesXRU=",
        "owner": "wshobson",
        "repo": "agents",
        "rev": "c4b82b0ad771190355eb8e204b1329732a18449a",
        "type": "github"
      },
      "original": {
        "owner": "wshobson",
        "repo": "agents",
        "type": "github"
      }
    }
  },
  "root": "root",
  "version": 7
}
